
Microsoft Visual Studio Solution File, Format Version 12.00
# Visual Studio Version 16
VisualStudioVersion = 16.0.30503.244
MinimumVisualStudioVersion = 10.0.40219.1
Project("{9A19103F-16F7-4668-BE54-9A1E7A4F7556}") = "Simbelmawa", "Simbelmawa\Simbelmawa.csproj", "{BED4E12C-F70C-407D-B373-3D2C4A069171}"
EndProject
Project("{9A19103F-16F7-4668-BE54-9A1E7A4F7556}") = "Simbelmawa.Models", "Simbelmawa.Models\Simbelmawa.Models.csproj", "{CC513A08-27A2-47CC-A1F7-406A34A9138A}"
EndProject
Project("{FAE04EC0-301F-11D3-BF4B-00C04F79EFBC}") = "Simbelmawa.Identity", "Simbelmawa.Identity\Simbelmawa.Identity.csproj", "{D10A2431-60CE-4728-AA1D-2341302E8F97}"
EndProject
Project("{FAE04EC0-301F-11D3-BF4B-00C04F79EFBC}") = "Simbelmawa.Data", "Simbelmawa.Data\Simbelmawa.Data.csproj", "{B67DD0CA-EE43-46AA-9572-F4A61AF06585}"
EndProject
Global
	GlobalSection(SolutionConfigurationPlatforms) = preSolution
		Debug|Any CPU = Debug|Any CPU
		Release|Any CPU = Release|Any CPU
	EndGlobalSection
	GlobalSection(ProjectConfigurationPlatforms) = postSolution
		{BED4E12C-F70C-407D-B373-3D2C4A069171}.Debug|Any CPU.ActiveCfg = Debug|Any CPU
		{BED4E12C-F70C-407D-B373-3D2C4A069171}.Debug|Any CPU.Build.0 = Debug|Any CPU
		{BED4E12C-F70C-407D-B373-3D2C4A069171}.Release|Any CPU.ActiveCfg = Release|Any CPU
		{BED4E12C-F70C-407D-B373-3D2C4A069171}.Release|Any CPU.Build.0 = Release|Any CPU
		{CC513A08-27A2-47CC-A1F7-406A34A9138A}.Debug|Any CPU.ActiveCfg = Debug|Any CPU
		{CC513A08-27A2-47CC-A1F7-406A34A9138A}.Debug|Any CPU.Build.0 = Debug|Any CPU
		{CC513A08-27A2-47CC-A1F7-406A34A9138A}.Release|Any CPU.ActiveCfg = Release|Any CPU
		{CC513A08-27A2-47CC-A1F7-406A34A9138A}.Release|Any CPU.Build.0 = Release|Any CPU
		{D10A2431-60CE-4728-AA1D-2341302E8F97}.Debug|Any CPU.ActiveCfg = Debug|Any CPU
		{D10A2431-60CE-4728-AA1D-2341302E8F97}.Debug|Any CPU.Build.0 = Debug|Any CPU
		{D10A2431-60CE-4728-AA1D-2341302E8F97}.Release|Any CPU.ActiveCfg = Release|Any CPU
		{D10A2431-60CE-4728-AA1D-2341302E8F97}.Release|Any CPU.Build.0 = Release|Any CPU
		{B67DD0CA-EE43-46AA-9572-F4A61AF06585}.Debug|Any CPU.ActiveCfg = Debug|Any CPU
		{B67DD0CA-EE43-46AA-9572-F4A61AF06585}.Debug|Any CPU.Build.0 = Debug|Any CPU
		{B67DD0CA-EE43-46AA-9572-F4A61AF06585}.Release|Any CPU.ActiveCfg = Release|Any CPU
		{B67DD0CA-EE43-46AA-9572-F4A61AF06585}.Release|Any CPU.Build.0 = Release|Any CPU
	EndGlobalSection
	GlobalSection(SolutionProperties) = preSolution
		HideSolutionNode = FALSE
	EndGlobalSection
	GlobalSection(ExtensibilityGlobals) = postSolution
		SolutionGuid = {E971DE52-1F3E-438E-94C1-20413A4D9FEC}
	EndGlobalSection
EndGlobal
